lockfileVersion: '9.0'

settings:
  autoInstallPeers: true
  excludeLinksFromLockfile: false

importers:

  .:
    dependencies:
      '@photo-sphere-viewer/core':
        specifier: ^5.9.0
        version: 5.10.0
      '@photo-sphere-viewer/gyroscope-plugin':
        specifier: ^5.10.0
        version: 5.10.0(@photo-sphere-viewer/core@5.10.0)
      '@photo-sphere-viewer/map-plugin':
        specifier: ^5.9.0
        version: 5.10.0(@photo-sphere-viewer/core@5.10.0)
      leaflet:
        specifier: ^1.9.4
        version: 1.9.4
      vue:
        specifier: ^3.4.21
        version: 3.5.3
    devDependencies:
      '@photo-sphere-viewer/autorotate-plugin':
        specifier: ^5.9.0
        version: 5.10.0(@photo-sphere-viewer/core@5.10.0)
      '@photo-sphere-viewer/gallery-plugin':
        specifier: ^5.9.0
        version: 5.10.0(@photo-sphere-viewer/core@5.10.0)
      '@photo-sphere-viewer/markers-plugin':
        specifier: ^5.9.0
        version: 5.10.0(@photo-sphere-viewer/core@5.10.0)
      '@photo-sphere-viewer/plan-plugin':
        specifier: ^5.9.0
        version: 5.10.0(@photo-sphere-viewer/core@5.10.0)
      '@vitejs/plugin-vue':
        specifier: ^5.0.4
        version: 5.1.3(vite@5.4.3(sass-embedded@1.78.0))(vue@3.5.3)
      sass-embedded:
        specifier: ^1.77.8
        version: 1.78.0
      vite:
        specifier: ^5.2.0
        version: 5.4.3(sass-embedded@1.78.0)

packages:

  '@babel/helper-string-parser@7.24.8':
    resolution: {integrity: sha512-pO9KhhRcuUyGnJWwyEgnRJTSIZHiT+vMD0kPeD+so0l7mxkMT19g3pjY9GTnHySck/hDzq+dtW/4VgnMkippsQ==}
    engines: {node: '>=6.9.0'}

  '@babel/helper-validator-identifier@7.24.7':
    resolution: {integrity: sha512-rR+PBcQ1SMQDDyF6X0wxtG8QyLCgUB0eRAGguqRLfkCA87l7yAP7ehq8SNj96OOGTO8OBV70KhuFYcIkHXOg0w==}
    engines: {node: '>=6.9.0'}

  '@babel/parser@7.25.6':
    resolution: {integrity: sha512-trGdfBdbD0l1ZPmcJ83eNxB9rbEax4ALFTF7fN386TMYbeCQbyme5cOEXQhbGXKebwGaB/J52w1mrklMcbgy6Q==}
    engines: {node: '>=6.0.0'}
    hasBin: true

  '@babel/types@7.25.6':
    resolution: {integrity: sha512-/l42B1qxpG6RdfYf343Uw1vmDjeNhneUXtzhojE7pDgfpEypmRhI6j1kr17XCVv4Cgl9HdAiQY2x0GwKm7rWCw==}
    engines: {node: '>=6.9.0'}

  '@bufbuild/protobuf@1.10.0':
    resolution: {integrity: sha512-QDdVFLoN93Zjg36NoQPZfsVH9tZew7wKDKyV5qRdj8ntT4wQCOradQjRaTdwMhWUYsgKsvCINKKm87FdEk96Ag==}

  '@esbuild/aix-ppc64@0.21.5':
    resolution: {integrity: sha512-1SDgH6ZSPTlggy1yI6+Dbkiz8xzpHJEVAlF/AM1tHPLsf5STom9rwtjE4hKAF20FfXXNTFqEYXyJNWh1GiZedQ==}
    engines: {node: '>=12'}
    cpu: [ppc64]
    os: [aix]

  '@esbuild/android-arm64@0.21.5':
    resolution: {integrity: sha512-c0uX9VAUBQ7dTDCjq+wdyGLowMdtR/GoC2U5IYk/7D1H1JYC0qseD7+11iMP2mRLN9RcCMRcjC4YMclCzGwS/A==}
    engines: {node: '>=12'}
    cpu: [arm64]
    os: [android]

  '@esbuild/android-arm@0.21.5':
    resolution: {integrity: sha512-vCPvzSjpPHEi1siZdlvAlsPxXl7WbOVUBBAowWug4rJHb68Ox8KualB+1ocNvT5fjv6wpkX6o/iEpbDrf68zcg==}
    engines: {node: '>=12'}
    cpu: [arm]
    os: [android]

  '@esbuild/android-x64@0.21.5':
    resolution: {integrity: sha512-D7aPRUUNHRBwHxzxRvp856rjUHRFW1SdQATKXH2hqA0kAZb1hKmi02OpYRacl0TxIGz/ZmXWlbZgjwWYaCakTA==}
    engines: {node: '>=12'}
    cpu: [x64]
    os: [android]

  '@esbuild/darwin-arm64@0.21.5':
    resolution: {integrity: sha512-DwqXqZyuk5AiWWf3UfLiRDJ5EDd49zg6O9wclZ7kUMv2WRFr4HKjXp/5t8JZ11QbQfUS6/cRCKGwYhtNAY88kQ==}
    engines: {node: '>=12'}
    cpu: [arm64]
    os: [darwin]

  '@esbuild/darwin-x64@0.21.5':
    resolution: {integrity: sha512-se/JjF8NlmKVG4kNIuyWMV/22ZaerB+qaSi5MdrXtd6R08kvs2qCN4C09miupktDitvh8jRFflwGFBQcxZRjbw==}
    engines: {node: '>=12'}
    cpu: [x64]
    os: [darwin]

  '@esbuild/freebsd-arm64@0.21.5':
    resolution: {integrity: sha512-5JcRxxRDUJLX8JXp/wcBCy3pENnCgBR9bN6JsY4OmhfUtIHe3ZW0mawA7+RDAcMLrMIZaf03NlQiX9DGyB8h4g==}
    engines: {node: '>=12'}
    cpu: [arm64]
    os: [freebsd]

  '@esbuild/freebsd-x64@0.21.5':
    resolution: {integrity: sha512-J95kNBj1zkbMXtHVH29bBriQygMXqoVQOQYA+ISs0/2l3T9/kj42ow2mpqerRBxDJnmkUDCaQT/dfNXWX/ZZCQ==}
    engines: {node: '>=12'}
    cpu: [x64]
    os: [freebsd]

  '@esbuild/linux-arm64@0.21.5':
    resolution: {integrity: sha512-ibKvmyYzKsBeX8d8I7MH/TMfWDXBF3db4qM6sy+7re0YXya+K1cem3on9XgdT2EQGMu4hQyZhan7TeQ8XkGp4Q==}
    engines: {node: '>=12'}
    cpu: [arm64]
    os: [linux]

  '@esbuild/linux-arm@0.21.5':
    resolution: {integrity: sha512-bPb5AHZtbeNGjCKVZ9UGqGwo8EUu4cLq68E95A53KlxAPRmUyYv2D6F0uUI65XisGOL1hBP5mTronbgo+0bFcA==}
    engines: {node: '>=12'}
    cpu: [arm]
    os: [linux]

  '@esbuild/linux-ia32@0.21.5':
    resolution: {integrity: sha512-YvjXDqLRqPDl2dvRODYmmhz4rPeVKYvppfGYKSNGdyZkA01046pLWyRKKI3ax8fbJoK5QbxblURkwK/MWY18Tg==}
    engines: {node: '>=12'}
    cpu: [ia32]
    os: [linux]

  '@esbuild/linux-loong64@0.21.5':
    resolution: {integrity: sha512-uHf1BmMG8qEvzdrzAqg2SIG/02+4/DHB6a9Kbya0XDvwDEKCoC8ZRWI5JJvNdUjtciBGFQ5PuBlpEOXQj+JQSg==}
    engines: {node: '>=12'}
    cpu: [loong64]
    os: [linux]

  '@esbuild/linux-mips64el@0.21.5':
    resolution: {integrity: sha512-IajOmO+KJK23bj52dFSNCMsz1QP1DqM6cwLUv3W1QwyxkyIWecfafnI555fvSGqEKwjMXVLokcV5ygHW5b3Jbg==}
    engines: {node: '>=12'}
    cpu: [mips64el]
    os: [linux]

  '@esbuild/linux-ppc64@0.21.5':
    resolution: {integrity: sha512-1hHV/Z4OEfMwpLO8rp7CvlhBDnjsC3CttJXIhBi+5Aj5r+MBvy4egg7wCbe//hSsT+RvDAG7s81tAvpL2XAE4w==}
    engines: {node: '>=12'}
    cpu: [ppc64]
    os: [linux]

  '@esbuild/linux-riscv64@0.21.5':
    resolution: {integrity: sha512-2HdXDMd9GMgTGrPWnJzP2ALSokE/0O5HhTUvWIbD3YdjME8JwvSCnNGBnTThKGEB91OZhzrJ4qIIxk/SBmyDDA==}
    engines: {node: '>=12'}
    cpu: [riscv64]
    os: [linux]

  '@esbuild/linux-s390x@0.21.5':
    resolution: {integrity: sha512-zus5sxzqBJD3eXxwvjN1yQkRepANgxE9lgOW2qLnmr8ikMTphkjgXu1HR01K4FJg8h1kEEDAqDcZQtbrRnB41A==}
    engines: {node: '>=12'}
    cpu: [s390x]
    os: [linux]

  '@esbuild/linux-x64@0.21.5':
    resolution: {integrity: sha512-1rYdTpyv03iycF1+BhzrzQJCdOuAOtaqHTWJZCWvijKD2N5Xu0TtVC8/+1faWqcP9iBCWOmjmhoH94dH82BxPQ==}
    engines: {node: '>=12'}
    cpu: [x64]
    os: [linux]

  '@esbuild/netbsd-x64@0.21.5':
    resolution: {integrity: sha512-Woi2MXzXjMULccIwMnLciyZH4nCIMpWQAs049KEeMvOcNADVxo0UBIQPfSmxB3CWKedngg7sWZdLvLczpe0tLg==}
    engines: {node: '>=12'}
    cpu: [x64]
    os: [netbsd]

  '@esbuild/openbsd-x64@0.21.5':
    resolution: {integrity: sha512-HLNNw99xsvx12lFBUwoT8EVCsSvRNDVxNpjZ7bPn947b8gJPzeHWyNVhFsaerc0n3TsbOINvRP2byTZ5LKezow==}
    engines: {node: '>=12'}
    cpu: [x64]
    os: [openbsd]

  '@esbuild/sunos-x64@0.21.5':
    resolution: {integrity: sha512-6+gjmFpfy0BHU5Tpptkuh8+uw3mnrvgs+dSPQXQOv3ekbordwnzTVEb4qnIvQcYXq6gzkyTnoZ9dZG+D4garKg==}
    engines: {node: '>=12'}
    cpu: [x64]
    os: [sunos]

  '@esbuild/win32-arm64@0.21.5':
    resolution: {integrity: sha512-Z0gOTd75VvXqyq7nsl93zwahcTROgqvuAcYDUr+vOv8uHhNSKROyU961kgtCD1e95IqPKSQKH7tBTslnS3tA8A==}
    engines: {node: '>=12'}
    cpu: [arm64]
    os: [win32]

  '@esbuild/win32-ia32@0.21.5':
    resolution: {integrity: sha512-SWXFF1CL2RVNMaVs+BBClwtfZSvDgtL//G/smwAc5oVK/UPu2Gu9tIaRgFmYFFKrmg3SyAjSrElf0TiJ1v8fYA==}
    engines: {node: '>=12'}
    cpu: [ia32]
    os: [win32]

  '@esbuild/win32-x64@0.21.5':
    resolution: {integrity: sha512-tQd/1efJuzPC6rCFwEvLtci/xNFcTZknmXs98FYDfGE4wP9ClFV98nyKrzJKVPMhdDnjzLhdUyMX4PsQAPjwIw==}
    engines: {node: '>=12'}
    cpu: [x64]
    os: [win32]

  '@jridgewell/sourcemap-codec@1.5.0':
    resolution: {integrity: sha512-gv3ZRaISU3fjPAgNsriBRqGWQL6quFx04YMPW/zD8XMLsU32mhCCbfbO6KZFLjvYpCZ8zyDEgqsgf+PwPaM7GQ==}

  '@photo-sphere-viewer/autorotate-plugin@5.10.0':
    resolution: {integrity: sha512-gkhyT+mgpBVF+hqz86zfh5T3G+LRVzxeccjcJJUcCU/X+JbQzKnQ821JyWHHL9B1E89PWs9OUqXnUOGFRmFIIQ==}
    peerDependencies:
      '@photo-sphere-viewer/core': 5.10.0

  '@photo-sphere-viewer/core@5.10.0':
    resolution: {integrity: sha512-VRXPTq6bFxkf5YqmijXLTKV+K05ZZHDoccXBsoxWsS9wKA5gCfKLlebRxQBBazmnwr1KmsLbAIsd1ZGbLdhI4g==}

  '@photo-sphere-viewer/gallery-plugin@5.10.0':
    resolution: {integrity: sha512-dWbHu3gSvs+AZ8o3PuggZchWOhez/MglpShHjP9nHo1TW3pxF2Q7OOtXRlsrVdZNW4Kr2nMpB8iWjvWQw6X3rA==}
    peerDependencies:
      '@photo-sphere-viewer/core': 5.10.0

  '@photo-sphere-viewer/gyroscope-plugin@5.10.0':
    resolution: {integrity: sha512-fLTGo9nGeW2SrFQnTVW7Oo6H/7yyrWDiD9Qo8le3mS89tzv21qCSj6HeUD5JNe+bB12huKUzcBodzI1c40Pp+w==}
    peerDependencies:
      '@photo-sphere-viewer/core': 5.10.0

  '@photo-sphere-viewer/map-plugin@5.10.0':
    resolution: {integrity: sha512-tXbA+Ftx6Vtlh1UQIJAheyFBfjP4sKoS/cMb68cEzRz/s6jjsPfGWUvtUEwyivfTNMnT+tQwTzAKgg0kvbenWA==}
    peerDependencies:
      '@photo-sphere-viewer/core': 5.10.0

  '@photo-sphere-viewer/markers-plugin@5.10.0':
    resolution: {integrity: sha512-e8QamRuuYpphbh+KbWoxj/kqbQyNG7mU55OGCrOVdv74T/68EZQrLEfNkzmHJ0/pwtzDiZ0tx1Wr58nJWZWi9w==}
    peerDependencies:
      '@photo-sphere-viewer/core': 5.10.0

  '@photo-sphere-viewer/plan-plugin@5.10.0':
    resolution: {integrity: sha512-K7+O+sOJtmmn3nNJ54/ZVeSifZuj2SKJ2iljkygtDK1aOfJwkAAkiDJ53yp2U16VtKN9LdY9+1zgQO7NUAC9jg==}
    peerDependencies:
      '@photo-sphere-viewer/core': 5.10.0

  '@rollup/rollup-android-arm-eabi@4.21.2':
    resolution: {integrity: sha512-fSuPrt0ZO8uXeS+xP3b+yYTCBUd05MoSp2N/MFOgjhhUhMmchXlpTQrTpI8T+YAwAQuK7MafsCOxW7VrPMrJcg==}
    cpu: [arm]
    os: [android]

  '@rollup/rollup-android-arm64@4.21.2':
    resolution: {integrity: sha512-xGU5ZQmPlsjQS6tzTTGwMsnKUtu0WVbl0hYpTPauvbRAnmIvpInhJtgjj3mcuJpEiuUw4v1s4BimkdfDWlh7gA==}
    cpu: [arm64]
    os: [android]

  '@rollup/rollup-darwin-arm64@4.21.2':
    resolution: {integrity: sha512-99AhQ3/ZMxU7jw34Sq8brzXqWH/bMnf7ZVhvLk9QU2cOepbQSVTns6qoErJmSiAvU3InRqC2RRZ5ovh1KN0d0Q==}
    cpu: [arm64]
    os: [darwin]

  '@rollup/rollup-darwin-x64@4.21.2':
    resolution: {integrity: sha512-ZbRaUvw2iN/y37x6dY50D8m2BnDbBjlnMPotDi/qITMJ4sIxNY33HArjikDyakhSv0+ybdUxhWxE6kTI4oX26w==}
    cpu: [x64]
    os: [darwin]

  '@rollup/rollup-linux-arm-gnueabihf@4.21.2':
    resolution: {integrity: sha512-ztRJJMiE8nnU1YFcdbd9BcH6bGWG1z+jP+IPW2oDUAPxPjo9dverIOyXz76m6IPA6udEL12reYeLojzW2cYL7w==}
    cpu: [arm]
    os: [linux]
    libc: [glibc]

  '@rollup/rollup-linux-arm-musleabihf@4.21.2':
    resolution: {integrity: sha512-flOcGHDZajGKYpLV0JNc0VFH361M7rnV1ee+NTeC/BQQ1/0pllYcFmxpagltANYt8FYf9+kL6RSk80Ziwyhr7w==}
    cpu: [arm]
    os: [linux]
    libc: [musl]

  '@rollup/rollup-linux-arm64-gnu@4.21.2':
    resolution: {integrity: sha512-69CF19Kp3TdMopyteO/LJbWufOzqqXzkrv4L2sP8kfMaAQ6iwky7NoXTp7bD6/irKgknDKM0P9E/1l5XxVQAhw==}
    cpu: [arm64]
    os: [linux]
    libc: [glibc]

  '@rollup/rollup-linux-arm64-musl@4.21.2':
    resolution: {integrity: sha512-48pD/fJkTiHAZTnZwR0VzHrao70/4MlzJrq0ZsILjLW/Ab/1XlVUStYyGt7tdyIiVSlGZbnliqmult/QGA2O2w==}
    cpu: [arm64]
    os: [linux]
    libc: [musl]

  '@rollup/rollup-linux-powerpc64le-gnu@4.21.2':
    resolution: {integrity: sha512-cZdyuInj0ofc7mAQpKcPR2a2iu4YM4FQfuUzCVA2u4HI95lCwzjoPtdWjdpDKyHxI0UO82bLDoOaLfpZ/wviyQ==}
    cpu: [ppc64]
    os: [linux]
    libc: [glibc]

  '@rollup/rollup-linux-riscv64-gnu@4.21.2':
    resolution: {integrity: sha512-RL56JMT6NwQ0lXIQmMIWr1SW28z4E4pOhRRNqwWZeXpRlykRIlEpSWdsgNWJbYBEWD84eocjSGDu/XxbYeCmwg==}
    cpu: [riscv64]
    os: [linux]
    libc: [glibc]

  '@rollup/rollup-linux-s390x-gnu@4.21.2':
    resolution: {integrity: sha512-PMxkrWS9z38bCr3rWvDFVGD6sFeZJw4iQlhrup7ReGmfn7Oukrr/zweLhYX6v2/8J6Cep9IEA/SmjXjCmSbrMQ==}
    cpu: [s390x]
    os: [linux]
    libc: [glibc]

  '@rollup/rollup-linux-x64-gnu@4.21.2':
    resolution: {integrity: sha512-B90tYAUoLhU22olrafY3JQCFLnT3NglazdwkHyxNDYF/zAxJt5fJUB/yBoWFoIQ7SQj+KLe3iL4BhOMa9fzgpw==}
    cpu: [x64]
    os: [linux]
    libc: [glibc]

  '@rollup/rollup-linux-x64-musl@4.21.2':
    resolution: {integrity: sha512-7twFizNXudESmC9oneLGIUmoHiiLppz/Xs5uJQ4ShvE6234K0VB1/aJYU3f/4g7PhssLGKBVCC37uRkkOi8wjg==}
    cpu: [x64]
    os: [linux]
    libc: [musl]

  '@rollup/rollup-win32-arm64-msvc@4.21.2':
    resolution: {integrity: sha512-9rRero0E7qTeYf6+rFh3AErTNU1VCQg2mn7CQcI44vNUWM9Ze7MSRS/9RFuSsox+vstRt97+x3sOhEey024FRQ==}
    cpu: [arm64]
    os: [win32]

  '@rollup/rollup-win32-ia32-msvc@4.21.2':
    resolution: {integrity: sha512-5rA4vjlqgrpbFVVHX3qkrCo/fZTj1q0Xxpg+Z7yIo3J2AilW7t2+n6Q8Jrx+4MrYpAnjttTYF8rr7bP46BPzRw==}
    cpu: [ia32]
    os: [win32]

  '@rollup/rollup-win32-x64-msvc@4.21.2':
    resolution: {integrity: sha512-6UUxd0+SKomjdzuAcp+HAmxw1FlGBnl1v2yEPSabtx4lBfdXHDVsW7+lQkgz9cNFJGY3AWR7+V8P5BqkD9L9nA==}
    cpu: [x64]
    os: [win32]

  '@types/estree@1.0.5':
    resolution: {integrity: sha512-/kYRxGDLWzHOB7q+wtSUQlFrtcdUccpfy+X+9iMBpHK8QLLhx2wIPYuS5DYtR9Wa/YlZAbIovy7qVdB1Aq6Lyw==}

  '@vitejs/plugin-vue@5.1.3':
    resolution: {integrity: sha512-3xbWsKEKXYlmX82aOHufFQVnkbMC/v8fLpWwh6hWOUrK5fbbtBh9Q/WWse27BFgSy2/e2c0fz5Scgya9h2GLhw==}
    engines: {node: ^18.0.0 || >=20.0.0}
    peerDependencies:
      vite: ^5.0.0
      vue: ^3.2.25

  '@vue/compiler-core@3.5.3':
    resolution: {integrity: sha512-adAfy9boPkP233NTyvLbGEqVuIfK/R0ZsBsIOW4BZNfb4BRpRW41Do1u+ozJpsb+mdoy80O20IzAsHaihRb5qA==}

  '@vue/compiler-dom@3.5.3':
    resolution: {integrity: sha512-wnzFArg9zpvk/811CDOZOadJRugf1Bgl/TQ3RfV4nKfSPok4hi0w10ziYUQR6LnnBAUlEXYLUfZ71Oj9ds/+QA==}

  '@vue/compiler-sfc@3.5.3':
    resolution: {integrity: sha512-P3uATLny2tfyvMB04OQFe7Sczteno7SLFxwrOA/dw01pBWQHB5HL15a8PosoNX2aG/EAMGqnXTu+1LnmzFhpTQ==}

  '@vue/compiler-ssr@3.5.3':
    resolution: {integrity: sha512-F/5f+r2WzL/2YAPl7UlKcJWHrvoZN8XwEBLnT7S4BXwncH25iDOabhO2M2DWioyTguJAGavDOawejkFXj8EM1w==}

  '@vue/reactivity@3.5.3':
    resolution: {integrity: sha512-2w61UnRWTP7+rj1H/j6FH706gRBHdFVpIqEkSDAyIpafBXYH8xt4gttstbbCWdU3OlcSWO8/3mbKl/93/HSMpw==}

  '@vue/runtime-core@3.5.3':
    resolution: {integrity: sha512-5b2AQw5OZlmCzSsSBWYoZOsy75N4UdMWenTfDdI5bAzXnuVR7iR8Q4AOzQm2OGoA41xjk53VQKrqQhOz2ktWaw==}

  '@vue/runtime-dom@3.5.3':
    resolution: {integrity: sha512-wPR1DEGc3XnQ7yHbmkTt3GoY0cEnVGQnARRdAkDzZ8MbUKEs26gogCQo6AOvvgahfjIcnvWJzkZArQ1fmWjcSg==}

  '@vue/server-renderer@3.5.3':
    resolution: {integrity: sha512-28volmaZVG2PGO3V3+gBPKoSHvLlE8FGfG/GKXKkjjfxLuj/50B/0OQGakM/g6ehQeqCrZYM4eHC4Ks48eig1Q==}
    peerDependencies:
      vue: 3.5.3

  '@vue/shared@3.5.3':
    resolution: {integrity: sha512-Jp2v8nylKBT+PlOUjun2Wp/f++TfJVFjshLzNtJDdmFJabJa7noGMncqXRM1vXGX+Yo2V7WykQFNxusSim8SCA==}

  buffer-builder@0.2.0:
    resolution: {integrity: sha512-7VPMEPuYznPSoR21NE1zvd2Xna6c/CloiZCfcMXR1Jny6PjX0N4Nsa38zcBFo/FMK+BlA+FLKbJCQ0i2yxp+Xg==}

  csstype@3.1.3:
    resolution: {integrity: sha512-M1uQkMl8rQK/szD0LNhtqxIPLpimGm8sOBwU7lLnCpSbTyY3yeU1Vc7l4KT5zT4s/yOxHH5O7tIuuLOCnLADRw==}

  entities@4.5.0:
    resolution: {integrity: sha512-V0hjH4dGPh9Ao5p0MoRY6BVqtwCjhz6vI5LT8AJ55H+4g9/4vbHx1I54fS0XuclLhDHArPQCiMjDxjaL8fPxhw==}
    engines: {node: '>=0.12'}

  esbuild@0.21.5:
    resolution: {integrity: sha512-mg3OPMV4hXywwpoDxu3Qda5xCKQi+vCTZq8S9J/EpkhB2HzKXq4SNFZE3+NK93JYxc8VMSep+lOUSC/RVKaBqw==}
    engines: {node: '>=12'}
    hasBin: true

  estree-walker@2.0.2:
    resolution: {integrity: sha512-Rfkk/Mp/DL7JVje3u18FxFujQlTNR2q6QfMSMB7AvCBx91NGj/ba3kCfza0f6dVDbw7YlRf/nDrn7pQrCCyQ/w==}

  fsevents@2.3.3:
    resolution: {integrity: sha512-5xoDfX+fL7faATnagmWPpbFtwh/R77WmMMqqHGS65C3vvB0YHrgF+B1YmZ3441tMj5n63k0212XNoJwzlhffQw==}
    engines: {node: ^8.16.0 || ^10.6.0 || >=11.0.0}
    os: [darwin]

  has-flag@4.0.0:
    resolution: {integrity: sha512-EykJT/Q1KjTWctppgIAgfSO0tKVuZUjhgMr17kqTumMl6Afv3EISleU7qZUzoXDFTAHTDC4NOoG/ZxU3EvlMPQ==}
    engines: {node: '>=8'}

  immutable@4.3.7:
    resolution: {integrity: sha512-1hqclzwYwjRDFLjcFxOM5AYkkG0rpFPpr1RLPMEuGczoS7YA8gLhy8SWXYRAA/XwfEHpfo3cw5JGioS32fnMRw==}

  leaflet@1.9.4:
    resolution: {integrity: sha512-nxS1ynzJOmOlHp+iL3FyWqK89GtNL8U8rvlMOsQdTTssxZwCXh8N2NB3GDQOL+YR3XnWyZAxwQixURb+FA74PA==}

  magic-string@0.30.11:
    resolution: {integrity: sha512-+Wri9p0QHMy+545hKww7YAu5NyzF8iomPL/RQazugQ9+Ez4Ic3mERMd8ZTX5rfK944j+560ZJi8iAwgak1Ac7A==}

  nanoid@3.3.7:
    resolution: {integrity: sha512-eSRppjcPIatRIMC1U6UngP8XFcz8MQWGQdt1MTBQ7NaAmvXDfvNxbvWV3x2y6CdEUciCSsDHDQZbhYaB8QEo2g==}
    engines: {node: ^10 || ^12 || ^13.7 || ^14 || >=15.0.1}
    hasBin: true

  picocolors@1.1.0:
    resolution: {integrity: sha512-TQ92mBOW0l3LeMeyLV6mzy/kWr8lkd/hp3mTg7wYK7zJhuBStmGMBG0BdeDZS/dZx1IukaX6Bk11zcln25o1Aw==}

  postcss@8.4.45:
    resolution: {integrity: sha512-7KTLTdzdZZYscUc65XmjFiB73vBhBfbPztCYdUNvlaso9PrzjzcmjqBPR0lNGkcVlcO4BjiO5rK/qNz+XAen1Q==}
    engines: {node: ^10 || ^12 || >=14}

  rollup@4.21.2:
    resolution: {integrity: sha512-e3TapAgYf9xjdLvKQCkQTnbTKd4a6jwlpQSJJFokHGaX2IVjoEqkIIhiQfqsi0cdwlOD+tQGuOd5AJkc5RngBw==}
    engines: {node: '>=18.0.0', npm: '>=8.0.0'}
    hasBin: true

  rxjs@7.8.1:
    resolution: {integrity: sha512-AA3TVj+0A2iuIoQkWEK/tqFjBq2j+6PO6Y0zJcvzLAFhEFIO3HL0vls9hWLncZbAAbK0mar7oZ4V079I/qPMxg==}

  sass-embedded-android-arm64@1.78.0:
    resolution: {integrity: sha512-2sAr11EgwPudAuyk4Ite+fWGYJspiFSiZDU2D8/vjjI7BaB9FG6ksYqww3svoMMnjPUWBCjKPDELpZTxViLJbw==}
    engines: {node: '>=14.0.0'}
    cpu: [arm64]
    os: [android]

  sass-embedded-android-arm@1.78.0:
    resolution: {integrity: sha512-YM6nrmKsj+ImaSTd96F+jzbWSbhPkRN4kedbLgIJ5FsILNa9NAqhmrCQz9pdcjuAhyfxWImdUACsT23CPGENZQ==}
    engines: {node: '>=14.0.0'}
    cpu: [arm]
    os: [android]

  sass-embedded-android-ia32@1.78.0:
    resolution: {integrity: sha512-TyJOo4TgnHpOfC/PfqCBqd+jGRanWoRd4Br/0KAfIvaIFjTGIPdk26vUyDVugV1J8QUEY4INGE8EXAuDeRldUQ==}
    engines: {node: '>=14.0.0'}
    cpu: [ia32]
    os: [android]

  sass-embedded-android-riscv64@1.78.0:
    resolution: {integrity: sha512-wwajpsVRuhb7ixrkA3Yu60V2LtROYn45PIYeda30/MrMJi9k3xEqHLhodTexFm6wZoKclGSDZ6L9U5q0XyRKiQ==}
    engines: {node: '>=14.0.0'}
    cpu: [riscv64]
    os: [android]

  sass-embedded-android-x64@1.78.0:
    resolution: {integrity: sha512-k5l66PO0LgSHMDbDzAQ/vqrXMlJ3r42ZHJA8MJvUbA6sQxTzDS381V7L+EhOATwyI225j2FhEeTHW6rr4WBQzA==}
    engines: {node: '>=14.0.0'}
    cpu: [x64]
    os: [android]

  sass-embedded-darwin-arm64@1.78.0:
    resolution: {integrity: sha512-3JaxceFSR6N+a22hPYYkj1p45eBaWTt/M8MPTbfzU3TGZrU9bmRX7WlUVtXTo1yYI2iMf22nCv0PQ5ExFF3FMQ==}
    engines: {node: '>=14.0.0'}
    cpu: [arm64]
    os: [darwin]

  sass-embedded-darwin-x64@1.78.0:
    resolution: {integrity: sha512-UMTijqE3fJ8vEaaD7GPG7G3GsHuPKOdpS8vuA2v2uwO3BPFp/rEKah66atvGqvGO+0JYApkSv0YTnnexSrkHIQ==}
    engines: {node: '>=14.0.0'}
    cpu: [x64]
    os: [darwin]

  sass-embedded-linux-arm64@1.78.0:
    resolution: {integrity: sha512-juMIMpp3DIAiQ842y+boqh0u2SjN4m3mDKrDfMuBznj8DSQoy9J/3e4hLh3g+p0/j83WuROu5nNoYxm2Xz8rww==}
    engines: {node: '>=14.0.0'}
    cpu: [arm64]
    os: [linux]

  sass-embedded-linux-arm@1.78.0:
    resolution: {integrity: sha512-JafT+Co0RK8oO3g9TfVRuG7tkYeh35yDGTgqCFxLrktnkiw5pmIagCfpjxk5GBcSfJMOzhCgclTCDJWAuHGuMQ==}
    engines: {node: '>=14.0.0'}
    cpu: [arm]
    os: [linux]

  sass-embedded-linux-ia32@1.78.0:
    resolution: {integrity: sha512-Gy8GW5g6WX9t8CT2Dto5AL6ikB+pG7aAXWXvfu3RFHktixSwSbyy6CeGqSk1t0xyJCFkQQA/V8HU9bNdeHiBxg==}
    engines: {node: '>=14.0.0'}
    cpu: [ia32]
    os: [linux]

  sass-embedded-linux-musl-arm64@1.78.0:
    resolution: {integrity: sha512-Lu/TlRHbe9aJY7B7PwWCJz7pTT5Rc50VkApWEmPiU/nu0mGbSpg0Xwar6pNeG8+98ubgKKdRb01N3bvclf5a4A==}
    engines: {node: '>=14.0.0'}
    cpu: [arm64]
    os: [linux]

  sass-embedded-linux-musl-arm@1.78.0:
    resolution: {integrity: sha512-DUVXtcsfsiOJ2Zwp4Y3T6KZWX8h0gWpzmFUrx+gSIbg67vV8Ww2DWMjWRwqLe7HOLTYBegMBYpMgMgZiPtXhIA==}
    engines: {node: '>=14.0.0'}
    cpu: [arm]
    os: [linux]

  sass-embedded-linux-musl-ia32@1.78.0:
    resolution: {integrity: sha512-1E5ywUnq6MRPAecr2r/vDOBr93wXyculEmfyF5JRG8mUufMaxGIhfx64OQE6Drjs+EDURcYZ+Qcg6/ubJWqhcw==}
    engines: {node: '>=14.0.0'}
    cpu: [ia32]
    os: [linux]

  sass-embedded-linux-musl-riscv64@1.78.0:
    resolution: {integrity: sha512-YvQEvX7ctn5BwC79+HBagDYIciEkwcl2NLgoydmEsBO/0+ncMKSGnjsn/iRzErbq1KJNyjGEni8eSHlrtQI1vQ==}
    engines: {node: '>=14.0.0'}
    cpu: [riscv64]
    os: [linux]

  sass-embedded-linux-musl-x64@1.78.0:
    resolution: {integrity: sha512-azdUcZZvZmtUBslIKr2/l4aQrTX7BvO96TD0GLdWz9vuXZrokYm09AJZEnb5j6Pk5I4Xr0yM6BG1Vgcbzqi5Zg==}
    engines: {node: '>=14.0.0'}
    cpu: [x64]
    os: [linux]

  sass-embedded-linux-riscv64@1.78.0:
    resolution: {integrity: sha512-g8M6vqHMjZUoH9C1WJsgwu+qmwdJAAMDaJTM1emeAScUZMTaQGzm+Q6C5oSGnAGR3XLT/drgbHhbmruXDgkdeQ==}
    engines: {node: '>=14.0.0'}
    cpu: [riscv64]
    os: [linux]

  sass-embedded-linux-x64@1.78.0:
    resolution: {integrity: sha512-m997ThzpMwql4u6LzZCoHPIQkgK6bbLPLc7ydemo2Wusqzh6j8XAGxVT5oANp6s2Dmj+yh49pKDozal+tzEX9w==}
    engines: {node: '>=14.0.0'}
    cpu: [x64]
    os: [linux]

  sass-embedded-win32-arm64@1.78.0:
    resolution: {integrity: sha512-qTLIIC5URYRmeuYYllfoL0K1cHSUd+f3sFHAA6fjtdgf288usd6ToCbWpuFb0BtVceEfGQX8lEp+teOG7n7Quw==}
    engines: {node: '>=14.0.0'}
    cpu: [arm64]
    os: [win32]

  sass-embedded-win32-ia32@1.78.0:
    resolution: {integrity: sha512-BrOWh18T6Y9xgCokGXElEnd8j03fO4W83bwJ9wHRRkrQWaeHtHs3XWW0fX1j2brngWUTjU+jcYUijWF1Z60krw==}
    engines: {node: '>=14.0.0'}
    cpu: [ia32]
    os: [win32]

  sass-embedded-win32-x64@1.78.0:
    resolution: {integrity: sha512-C14iFDJd7oGhmQehRiEL7GtzMmLwubcDqsBarQ+u9LbHoDlUQfIPd7y8mVtNgtxJCdrAO/jc5qR4C+85yE3xPQ==}
    engines: {node: '>=14.0.0'}
    cpu: [x64]
    os: [win32]

  sass-embedded@1.78.0:
    resolution: {integrity: sha512-NR2kvhWVFABmBm0AqgFw9OweQycs0Qs+/teJ9Su+BUY7up+f8S5F/Zi+7QtAqJlewsQyUNfzm1vRuM+20lBwRQ==}
    engines: {node: '>=16.0.0'}
    hasBin: true

  source-map-js@1.2.0:
    resolution: {integrity: sha512-itJW8lvSA0TXEphiRoawsCksnlf8SyvmFzIhltqAHluXd88pkCd+cXJVHTDwdCr0IzwptSm035IHQktUu1QUMg==}
    engines: {node: '>=0.10.0'}

  supports-color@8.1.1:
    resolution: {integrity: sha512-MpUEN2OodtUzxvKQl72cUF7RQ5EiHsGvSsVG0ia9c5RbWGL2CI4C7EpPS8UTBIplnlzZiNuV56w+FuNxy3ty2Q==}
    engines: {node: '>=10'}

  three@0.167.1:
    resolution: {integrity: sha512-gYTLJA/UQip6J/tJvl91YYqlZF47+D/kxiWrbTon35ZHlXEN0VOo+Qke2walF1/x92v55H6enomymg4Dak52kw==}

  to-fast-properties@2.0.0:
    resolution: {integrity: sha512-/OaKK0xYrs3DmxRYqL/yDc+FxFUVYhDlXMhRmv3z915w2HF1tnN1omB354j8VUGO/hbRzyD6Y3sA7v7GS/ceog==}
    engines: {node: '>=4'}

  tslib@2.7.0:
    resolution: {integrity: sha512-gLXCKdN1/j47AiHiOkJN69hJmcbGTHI0ImLmbYLHykhgeN0jVGola9yVjFgzCUklsZQMW55o+dW7IXv3RCXDzA==}

  varint@6.0.0:
    resolution: {integrity: sha512-cXEIW6cfr15lFv563k4GuVuW/fiwjknytD37jIOLSdSWuOI6WnO/oKwmP2FQTU2l01LP8/M5TSAJpzUaGe3uWg==}

  vite@5.4.3:
    resolution: {integrity: sha512-IH+nl64eq9lJjFqU+/yrRnrHPVTlgy42/+IzbOdaFDVlyLgI/wDlf+FCobXLX1cT0X5+7LMyH1mIy2xJdLfo8Q==}
    engines: {node: ^18.0.0 || >=20.0.0}
    hasBin: true
    peerDependencies:
      '@types/node': ^18.0.0 || >=20.0.0
      less: '*'
      lightningcss: ^1.21.0
      sass: '*'
      sass-embedded: '*'
      stylus: '*'
      sugarss: '*'
      terser: ^5.4.0
    peerDependenciesMeta:
      '@types/node':
        optional: true
      less:
        optional: true
      lightningcss:
        optional: true
      sass:
        optional: true
      sass-embedded:
        optional: true
      stylus:
        optional: true
      sugarss:
        optional: true
      terser:
        optional: true

  vue@3.5.3:
    resolution: {integrity: sha512-xvRbd0HpuLovYbOHXRHlSBsSvmUJbo0pzbkKTApWnQGf3/cu5Z39mQeA5cZdLRVIoNf3zI6MSoOgHUT5i2jO+Q==}
    peerDependencies:
      typescript: '*'
    peerDependenciesMeta:
      typescript:
        optional: true

snapshots:

  '@babel/helper-string-parser@7.24.8': {}

  '@babel/helper-validator-identifier@7.24.7': {}

  '@babel/parser@7.25.6':
    dependencies:
      '@babel/types': 7.25.6

  '@babel/types@7.25.6':
    dependencies:
      '@babel/helper-string-parser': 7.24.8
      '@babel/helper-validator-identifier': 7.24.7
      to-fast-properties: 2.0.0

  '@bufbuild/protobuf@1.10.0': {}

  '@esbuild/aix-ppc64@0.21.5':
    optional: true

  '@esbuild/android-arm64@0.21.5':
    optional: true

  '@esbuild/android-arm@0.21.5':
    optional: true

  '@esbuild/android-x64@0.21.5':
    optional: true

  '@esbuild/darwin-arm64@0.21.5':
    optional: true

  '@esbuild/darwin-x64@0.21.5':
    optional: true

  '@esbuild/freebsd-arm64@0.21.5':
    optional: true

  '@esbuild/freebsd-x64@0.21.5':
    optional: true

  '@esbuild/linux-arm64@0.21.5':
    optional: true

  '@esbuild/linux-arm@0.21.5':
    optional: true

  '@esbuild/linux-ia32@0.21.5':
    optional: true

  '@esbuild/linux-loong64@0.21.5':
    optional: true

  '@esbuild/linux-mips64el@0.21.5':
    optional: true

  '@esbuild/linux-ppc64@0.21.5':
    optional: true

  '@esbuild/linux-riscv64@0.21.5':
    optional: true

  '@esbuild/linux-s390x@0.21.5':
    optional: true

  '@esbuild/linux-x64@0.21.5':
    optional: true

  '@esbuild/netbsd-x64@0.21.5':
    optional: true

  '@esbuild/openbsd-x64@0.21.5':
    optional: true

  '@esbuild/sunos-x64@0.21.5':
    optional: true

  '@esbuild/win32-arm64@0.21.5':
    optional: true

  '@esbuild/win32-ia32@0.21.5':
    optional: true

  '@esbuild/win32-x64@0.21.5':
    optional: true

  '@jridgewell/sourcemap-codec@1.5.0': {}

  '@photo-sphere-viewer/autorotate-plugin@5.10.0(@photo-sphere-viewer/core@5.10.0)':
    dependencies:
      '@photo-sphere-viewer/core': 5.10.0

  '@photo-sphere-viewer/core@5.10.0':
    dependencies:
      three: 0.167.1

  '@photo-sphere-viewer/gallery-plugin@5.10.0(@photo-sphere-viewer/core@5.10.0)':
    dependencies:
      '@photo-sphere-viewer/core': 5.10.0

  '@photo-sphere-viewer/gyroscope-plugin@5.10.0(@photo-sphere-viewer/core@5.10.0)':
    dependencies:
      '@photo-sphere-viewer/core': 5.10.0

  '@photo-sphere-viewer/map-plugin@5.10.0(@photo-sphere-viewer/core@5.10.0)':
    dependencies:
      '@photo-sphere-viewer/core': 5.10.0

  '@photo-sphere-viewer/markers-plugin@5.10.0(@photo-sphere-viewer/core@5.10.0)':
    dependencies:
      '@photo-sphere-viewer/core': 5.10.0

  '@photo-sphere-viewer/plan-plugin@5.10.0(@photo-sphere-viewer/core@5.10.0)':
    dependencies:
      '@photo-sphere-viewer/core': 5.10.0
      leaflet: 1.9.4

  '@rollup/rollup-android-arm-eabi@4.21.2':
    optional: true

  '@rollup/rollup-android-arm64@4.21.2':
    optional: true

  '@rollup/rollup-darwin-arm64@4.21.2':
    optional: true

  '@rollup/rollup-darwin-x64@4.21.2':
    optional: true

  '@rollup/rollup-linux-arm-gnueabihf@4.21.2':
    optional: true

  '@rollup/rollup-linux-arm-musleabihf@4.21.2':
    optional: true

  '@rollup/rollup-linux-arm64-gnu@4.21.2':
    optional: true

  '@rollup/rollup-linux-arm64-musl@4.21.2':
    optional: true

  '@rollup/rollup-linux-powerpc64le-gnu@4.21.2':
    optional: true

  '@rollup/rollup-linux-riscv64-gnu@4.21.2':
    optional: true

  '@rollup/rollup-linux-s390x-gnu@4.21.2':
    optional: true

  '@rollup/rollup-linux-x64-gnu@4.21.2':
    optional: true

  '@rollup/rollup-linux-x64-musl@4.21.2':
    optional: true

  '@rollup/rollup-win32-arm64-msvc@4.21.2':
    optional: true

  '@rollup/rollup-win32-ia32-msvc@4.21.2':
    optional: true

  '@rollup/rollup-win32-x64-msvc@4.21.2':
    optional: true

  '@types/estree@1.0.5': {}

  '@vitejs/plugin-vue@5.1.3(vite@5.4.3(sass-embedded@1.78.0))(vue@3.5.3)':
    dependencies:
      vite: 5.4.3(sass-embedded@1.78.0)
      vue: 3.5.3

  '@vue/compiler-core@3.5.3':
    dependencies:
      '@babel/parser': 7.25.6
      '@vue/shared': 3.5.3
      entities: 4.5.0
      estree-walker: 2.0.2
      source-map-js: 1.2.0

  '@vue/compiler-dom@3.5.3':
    dependencies:
      '@vue/compiler-core': 3.5.3
      '@vue/shared': 3.5.3

  '@vue/compiler-sfc@3.5.3':
    dependencies:
      '@babel/parser': 7.25.6
      '@vue/compiler-core': 3.5.3
      '@vue/compiler-dom': 3.5.3
      '@vue/compiler-ssr': 3.5.3
      '@vue/shared': 3.5.3
      estree-walker: 2.0.2
      magic-string: 0.30.11
      postcss: 8.4.45
      source-map-js: 1.2.0

  '@vue/compiler-ssr@3.5.3':
    dependencies:
      '@vue/compiler-dom': 3.5.3
      '@vue/shared': 3.5.3

  '@vue/reactivity@3.5.3':
    dependencies:
      '@vue/shared': 3.5.3

  '@vue/runtime-core@3.5.3':
    dependencies:
      '@vue/reactivity': 3.5.3
      '@vue/shared': 3.5.3

  '@vue/runtime-dom@3.5.3':
    dependencies:
      '@vue/reactivity': 3.5.3
      '@vue/runtime-core': 3.5.3
      '@vue/shared': 3.5.3
      csstype: 3.1.3

  '@vue/server-renderer@3.5.3(vue@3.5.3)':
    dependencies:
      '@vue/compiler-ssr': 3.5.3
      '@vue/shared': 3.5.3
      vue: 3.5.3

  '@vue/shared@3.5.3': {}

  buffer-builder@0.2.0: {}

  csstype@3.1.3: {}

  entities@4.5.0: {}

  esbuild@0.21.5:
    optionalDependencies:
      '@esbuild/aix-ppc64': 0.21.5
      '@esbuild/android-arm': 0.21.5
      '@esbuild/android-arm64': 0.21.5
      '@esbuild/android-x64': 0.21.5
      '@esbuild/darwin-arm64': 0.21.5
      '@esbuild/darwin-x64': 0.21.5
      '@esbuild/freebsd-arm64': 0.21.5
      '@esbuild/freebsd-x64': 0.21.5
      '@esbuild/linux-arm': 0.21.5
      '@esbuild/linux-arm64': 0.21.5
      '@esbuild/linux-ia32': 0.21.5
      '@esbuild/linux-loong64': 0.21.5
      '@esbuild/linux-mips64el': 0.21.5
      '@esbuild/linux-ppc64': 0.21.5
      '@esbuild/linux-riscv64': 0.21.5
      '@esbuild/linux-s390x': 0.21.5
      '@esbuild/linux-x64': 0.21.5
      '@esbuild/netbsd-x64': 0.21.5
      '@esbuild/openbsd-x64': 0.21.5
      '@esbuild/sunos-x64': 0.21.5
      '@esbuild/win32-arm64': 0.21.5
      '@esbuild/win32-ia32': 0.21.5
      '@esbuild/win32-x64': 0.21.5

  estree-walker@2.0.2: {}

  fsevents@2.3.3:
    optional: true

  has-flag@4.0.0: {}

  immutable@4.3.7: {}

  leaflet@1.9.4: {}

  magic-string@0.30.11:
    dependencies:
      '@jridgewell/sourcemap-codec': 1.5.0

  nanoid@3.3.7: {}

  picocolors@1.1.0: {}

  postcss@8.4.45:
    dependencies:
      nanoid: 3.3.7
      picocolors: 1.1.0
      source-map-js: 1.2.0

  rollup@4.21.2:
    dependencies:
      '@types/estree': 1.0.5
    optionalDependencies:
      '@rollup/rollup-android-arm-eabi': 4.21.2
      '@rollup/rollup-android-arm64': 4.21.2
      '@rollup/rollup-darwin-arm64': 4.21.2
      '@rollup/rollup-darwin-x64': 4.21.2
      '@rollup/rollup-linux-arm-gnueabihf': 4.21.2
      '@rollup/rollup-linux-arm-musleabihf': 4.21.2
      '@rollup/rollup-linux-arm64-gnu': 4.21.2
      '@rollup/rollup-linux-arm64-musl': 4.21.2
      '@rollup/rollup-linux-powerpc64le-gnu': 4.21.2
      '@rollup/rollup-linux-riscv64-gnu': 4.21.2
      '@rollup/rollup-linux-s390x-gnu': 4.21.2
      '@rollup/rollup-linux-x64-gnu': 4.21.2
      '@rollup/rollup-linux-x64-musl': 4.21.2
      '@rollup/rollup-win32-arm64-msvc': 4.21.2
      '@rollup/rollup-win32-ia32-msvc': 4.21.2
      '@rollup/rollup-win32-x64-msvc': 4.21.2
      fsevents: 2.3.3

  rxjs@7.8.1:
    dependencies:
      tslib: 2.7.0

  sass-embedded-android-arm64@1.78.0:
    optional: true

  sass-embedded-android-arm@1.78.0:
    optional: true

  sass-embedded-android-ia32@1.78.0:
    optional: true

  sass-embedded-android-riscv64@1.78.0:
    optional: true

  sass-embedded-android-x64@1.78.0:
    optional: true

  sass-embedded-darwin-arm64@1.78.0:
    optional: true

  sass-embedded-darwin-x64@1.78.0:
    optional: true

  sass-embedded-linux-arm64@1.78.0:
    optional: true

  sass-embedded-linux-arm@1.78.0:
    optional: true

  sass-embedded-linux-ia32@1.78.0:
    optional: true

  sass-embedded-linux-musl-arm64@1.78.0:
    optional: true

  sass-embedded-linux-musl-arm@1.78.0:
    optional: true

  sass-embedded-linux-musl-ia32@1.78.0:
    optional: true

  sass-embedded-linux-musl-riscv64@1.78.0:
    optional: true

  sass-embedded-linux-musl-x64@1.78.0:
    optional: true

  sass-embedded-linux-riscv64@1.78.0:
    optional: true

  sass-embedded-linux-x64@1.78.0:
    optional: true

  sass-embedded-win32-arm64@1.78.0:
    optional: true

  sass-embedded-win32-ia32@1.78.0:
    optional: true

  sass-embedded-win32-x64@1.78.0:
    optional: true

  sass-embedded@1.78.0:
    dependencies:
      '@bufbuild/protobuf': 1.10.0
      buffer-builder: 0.2.0
      immutable: 4.3.7
      rxjs: 7.8.1
      supports-color: 8.1.1
      varint: 6.0.0
    optionalDependencies:
      sass-embedded-android-arm: 1.78.0
      sass-embedded-android-arm64: 1.78.0
      sass-embedded-android-ia32: 1.78.0
      sass-embedded-android-riscv64: 1.78.0
      sass-embedded-android-x64: 1.78.0
      sass-embedded-darwin-arm64: 1.78.0
      sass-embedded-darwin-x64: 1.78.0
      sass-embedded-linux-arm: 1.78.0
      sass-embedded-linux-arm64: 1.78.0
      sass-embedded-linux-ia32: 1.78.0
      sass-embedded-linux-musl-arm: 1.78.0
      sass-embedded-linux-musl-arm64: 1.78.0
      sass-embedded-linux-musl-ia32: 1.78.0
      sass-embedded-linux-musl-riscv64: 1.78.0
      sass-embedded-linux-musl-x64: 1.78.0
      sass-embedded-linux-riscv64: 1.78.0
      sass-embedded-linux-x64: 1.78.0
      sass-embedded-win32-arm64: 1.78.0
      sass-embedded-win32-ia32: 1.78.0
      sass-embedded-win32-x64: 1.78.0

  source-map-js@1.2.0: {}

  supports-color@8.1.1:
    dependencies:
      has-flag: 4.0.0

  three@0.167.1: {}

  to-fast-properties@2.0.0: {}

  tslib@2.7.0: {}

  varint@6.0.0: {}

  vite@5.4.3(sass-embedded@1.78.0):
    dependencies:
      esbuild: 0.21.5
      postcss: 8.4.45
      rollup: 4.21.2
    optionalDependencies:
      fsevents: 2.3.3
      sass-embedded: 1.78.0

  vue@3.5.3:
    dependencies:
      '@vue/compiler-dom': 3.5.3
      '@vue/compiler-sfc': 3.5.3
      '@vue/runtime-dom': 3.5.3
      '@vue/server-renderer': 3.5.3(vue@3.5.3)
      '@vue/shared': 3.5.3
